
Microsoft Visual Studio Solution File, Format Version 12.00
# Visual Studio 15
VisualStudioVersion = 15.0.28307.421
MinimumVisualStudioVersion = 10.0.40219.1
Project("{FAE04EC0-301F-11D3-BF4B-00C04F79EFBC}") = "backend", "backend\backend.csproj", "{00C46B2B-3437-46AD-940B-8BB4FF5D6707}"
EndProject
Global
	GlobalSection(SolutionConfigurationPlatforms) = preSolution
		Debug|Any CPU = Debug|Any CPU
		Release|Any CPU = Release|Any CPU
	EndGlobalSection
	GlobalSection(ProjectConfigurationPlatforms) = postSolution
		{00C46B2B-3437-46AD-940B-8BB4FF5D6707}.Debug|Any CPU.ActiveCfg = Debug|Any CPU
		{00C46B2B-3437-46AD-940B-8BB4FF5D6707}.Debug|Any CPU.Build.0 = Debug|Any CPU
		{00C46B2B-3437-46AD-940B-8BB4FF5D6707}.Release|Any CPU.ActiveCfg = Release|Any CPU
		{00C46B2B-3437-46AD-940B-8BB4FF5D6707}.Release|Any CPU.Build.0 = Release|Any CPU
	EndGlobalSection
	GlobalSection(SolutionProperties) = preSolution
		HideSolutionNode = FALSE
	EndGlobalSection
	GlobalSection(ExtensibilityGlobals) = postSolution
		SolutionGuid = {7D73A469-C4C8-42AF-8548-B3CF643ACDBD}
	EndGlobalSection
EndGlobal
