
Microsoft Visual Studio Solution File, Format Version 12.00
# Visual Studio Version 16
VisualStudioVersion = 16.0.29123.88
MinimumVisualStudioVersion = 10.0.40219.1
Project("{9A19103F-16F7-4668-BE54-9A1E7A4F7556}") = "server", "server\server.csproj", "{4AEE84E4-308E-481B-A496-CCAD6D7F293A}"
EndProject
Project("{9A19103F-16F7-4668-BE54-9A1E7A4F7556}") = "XUnitTest", "XUnitTest\XUnitTest.csproj", "{147E0368-F4B3-47B7-9F77-6063C88F14FB}"
EndProject
Global
	GlobalSection(SolutionConfigurationPlatforms) = preSolution
		Debug|Any CPU = Debug|Any CPU
		Release|Any CPU = Release|Any CPU
	EndGlobalSection
	GlobalSection(ProjectConfigurationPlatforms) = postSolution
		{4AEE84E4-308E-481B-A496-CCAD6D7F293A}.Debug|Any CPU.ActiveCfg = Debug|Any CPU
		{4AEE84E4-308E-481B-A496-CCAD6D7F293A}.Debug|Any CPU.Build.0 = Debug|Any CPU
		{4AEE84E4-308E-481B-A496-CCAD6D7F293A}.Release|Any CPU.ActiveCfg = Release|Any CPU
		{4AEE84E4-308E-481B-A496-CCAD6D7F293A}.Release|Any CPU.Build.0 = Release|Any CPU
		{147E0368-F4B3-47B7-9F77-6063C88F14FB}.Debug|Any CPU.ActiveCfg = Debug|Any CPU
		{147E0368-F4B3-47B7-9F77-6063C88F14FB}.Debug|Any CPU.Build.0 = Debug|Any CPU
		{147E0368-F4B3-47B7-9F77-6063C88F14FB}.Release|Any CPU.ActiveCfg = Release|Any CPU
		{147E0368-F4B3-47B7-9F77-6063C88F14FB}.Release|Any CPU.Build.0 = Release|Any CPU
	EndGlobalSection
	GlobalSection(SolutionProperties) = preSolution
		HideSolutionNode = FALSE
	EndGlobalSection
	GlobalSection(ExtensibilityGlobals) = postSolution
		SolutionGuid = {E87F1F63-3103-4F86-9D8F-A8C59E957410}
	EndGlobalSection
EndGlobal
